
Microsoft Visual Studio Solution File, Format Version 12.00
# Visual Studio Version 17
VisualStudioVersion = 17.8.34316.72
MinimumVisualStudioVersion = 10.0.40219.1
Project("{FAE04EC0-301F-11D3-BF4B-00C04F79EFBC}") = "WelcomeMessage", "WelcomeMessage\WelcomeMessage.csproj", "{666A7937-AF47-4441-94FA-AD02B7671778}"
EndProject
Global
	GlobalSection(SolutionConfigurationPlatforms) = preSolution
		Debug|Any CPU = Debug|Any CPU
		Debug|x64 = Debug|x64
		Release|Any CPU = Release|Any CPU
		Release|x64 = Release|x64
	EndGlobalSection
	GlobalSection(ProjectConfigurationPlatforms) = postSolution
		{666A7937-AF47-4441-94FA-AD02B7671778}.Debug|Any CPU.ActiveCfg = Debug|Any CPU
		{666A7937-AF47-4441-94FA-AD02B7671778}.Debug|Any CPU.Build.0 = Debug|Any CPU
		{666A7937-AF47-4441-94FA-AD02B7671778}.Debug|x64.ActiveCfg = Debug|x64
		{666A7937-AF47-4441-94FA-AD02B7671778}.Debug|x64.Build.0 = Debug|x64
		{666A7937-AF47-4441-94FA-AD02B7671778}.Release|Any CPU.ActiveCfg = Release|Any CPU
		{666A7937-AF47-4441-94FA-AD02B7671778}.Release|Any CPU.Build.0 = Release|Any CPU
		{666A7937-AF47-4441-94FA-AD02B7671778}.Release|x64.ActiveCfg = Release|x64
		{666A7937-AF47-4441-94FA-AD02B7671778}.Release|x64.Build.0 = Release|x64
	EndGlobalSection
	GlobalSection(SolutionProperties) = preSolution
		HideSolutionNode = FALSE
	EndGlobalSection
	GlobalSection(ExtensibilityGlobals) = postSolution
		SolutionGuid = {A221A51D-016A-416F-A6E3-608517238780}
	EndGlobalSection
EndGlobal
